
Microsoft Visual Studio Solution File, Format Version 12.00
# Visual Studio Version 16
VisualStudioVersion = 16.0.29411.108
MinimumVisualStudioVersion = 15.0.26124.0
Project("{9A19103F-16F7-4668-BE54-9A1E7A4F7556}") = "msLil.Customers", "msLil.Customers\msLil.Customers.csproj", "{2802512A-10AF-4041-B2C3-11E9824780B6}"
EndProject
Project("{9A19103F-16F7-4668-BE54-9A1E7A4F7556}") = "msLil.Products", "msLil.Products\msLil.Products.csproj", "{022729E7-C1A0-4450-BE88-73F27986BFAA}"
EndProject
Project("{9A19103F-16F7-4668-BE54-9A1E7A4F7556}") = "msLil.Sales", "msLil.Sales\msLil.Sales.csproj", "{9CAB4EBA-4A7F-432B-B479-6A0BB2BAB5CC}"
EndProject
Project("{9A19103F-16F7-4668-BE54-9A1E7A4F7556}") = "msLil.Search", "msLil.Search\msLil.Search.csproj", "{269A3890-D1BE-40D8-B9DD-81A629C44252}"
EndProject
Project("{2150E333-8FDC-42A3-9474-1A3956D46DE8}") = "Tests", "Tests", "{7F9AF6EB-788E-4E42-BE57-B8EC26FD8748}"
EndProject
Project("{FAE04EC0-301F-11D3-BF4B-00C04F79EFBC}") = "msLil.Customers.Tests", "msLil.Customers.Tests\msLil.Customers.Tests.csproj", "{8E0C8FE1-2B61-474E-AD22-8F82ED8FCE42}"
EndProject
Project("{FAE04EC0-301F-11D3-BF4B-00C04F79EFBC}") = "msLil.Products.Test", "msLil.Products.Test\msLil.Products.Test.csproj", "{C074FC4B-A4AD-4A7F-9B8E-EC9ABCE8F151}"
EndProject
Project("{FAE04EC0-301F-11D3-BF4B-00C04F79EFBC}") = "msLil.Sales.Test", "msLil.Sales.Test\msLil.Sales.Test.csproj", "{C380953C-4687-473D-A288-F07D46A2CB9D}"
EndProject
Global
	GlobalSection(SolutionConfigurationPlatforms) = preSolution
		Debug|Any CPU = Debug|Any CPU
		Debug|x64 = Debug|x64
		Debug|x86 = Debug|x86
		Release|Any CPU = Release|Any CPU
		Release|x64 = Release|x64
		Release|x86 = Release|x86
	EndGlobalSection
	GlobalSection(ProjectConfigurationPlatforms) = postSolution
		{2802512A-10AF-4041-B2C3-11E9824780B6}.Debug|Any CPU.ActiveCfg = Debug|Any CPU
		{2802512A-10AF-4041-B2C3-11E9824780B6}.Debug|Any CPU.Build.0 = Debug|Any CPU
		{2802512A-10AF-4041-B2C3-11E9824780B6}.Debug|x64.ActiveCfg = Debug|Any CPU
		{2802512A-10AF-4041-B2C3-11E9824780B6}.Debug|x64.Build.0 = Debug|Any CPU
		{2802512A-10AF-4041-B2C3-11E9824780B6}.Debug|x86.ActiveCfg = Debug|Any CPU
		{2802512A-10AF-4041-B2C3-11E9824780B6}.Debug|x86.Build.0 = Debug|Any CPU
		{2802512A-10AF-4041-B2C3-11E9824780B6}.Release|Any CPU.ActiveCfg = Release|Any CPU
		{2802512A-10AF-4041-B2C3-11E9824780B6}.Release|Any CPU.Build.0 = Release|Any CPU
		{2802512A-10AF-4041-B2C3-11E9824780B6}.Release|x64.ActiveCfg = Release|Any CPU
		{2802512A-10AF-4041-B2C3-11E9824780B6}.Release|x64.Build.0 = Release|Any CPU
		{2802512A-10AF-4041-B2C3-11E9824780B6}.Release|x86.ActiveCfg = Release|Any CPU
		{2802512A-10AF-4041-B2C3-11E9824780B6}.Release|x86.Build.0 = Release|Any CPU
		{022729E7-C1A0-4450-BE88-73F27986BFAA}.Debug|Any CPU.ActiveCfg = Debug|Any CPU
		{022729E7-C1A0-4450-BE88-73F27986BFAA}.Debug|Any CPU.Build.0 = Debug|Any CPU
		{022729E7-C1A0-4450-BE88-73F27986BFAA}.Debug|x64.ActiveCfg = Debug|Any CPU
		{022729E7-C1A0-4450-BE88-73F27986BFAA}.Debug|x64.Build.0 = Debug|Any CPU
		{022729E7-C1A0-4450-BE88-73F27986BFAA}.Debug|x86.ActiveCfg = Debug|Any CPU
		{022729E7-C1A0-4450-BE88-73F27986BFAA}.Debug|x86.Build.0 = Debug|Any CPU
		{022729E7-C1A0-4450-BE88-73F27986BFAA}.Release|Any CPU.ActiveCfg = Release|Any CPU
		{022729E7-C1A0-4450-BE88-73F27986BFAA}.Release|Any CPU.Build.0 = Release|Any CPU
		{022729E7-C1A0-4450-BE88-73F27986BFAA}.Release|x64.ActiveCfg = Release|Any CPU
		{022729E7-C1A0-4450-BE88-73F27986BFAA}.Release|x64.Build.0 = Release|Any CPU
		{022729E7-C1A0-4450-BE88-73F27986BFAA}.Release|x86.ActiveCfg = Release|Any CPU
		{022729E7-C1A0-4450-BE88-73F27986BFAA}.Release|x86.Build.0 = Release|Any CPU
		{9CAB4EBA-4A7F-432B-B479-6A0BB2BAB5CC}.Debug|Any CPU.ActiveCfg = Debug|Any CPU
		{9CAB4EBA-4A7F-432B-B479-6A0BB2BAB5CC}.Debug|Any CPU.Build.0 = Debug|Any CPU
		{9CAB4EBA-4A7F-432B-B479-6A0BB2BAB5CC}.Debug|x64.ActiveCfg = Debug|Any CPU
		{9CAB4EBA-4A7F-432B-B479-6A0BB2BAB5CC}.Debug|x64.Build.0 = Debug|Any CPU
		{9CAB4EBA-4A7F-432B-B479-6A0BB2BAB5CC}.Debug|x86.ActiveCfg = Debug|Any CPU
		{9CAB4EBA-4A7F-432B-B479-6A0BB2BAB5CC}.Debug|x86.Build.0 = Debug|Any CPU
		{9CAB4EBA-4A7F-432B-B479-6A0BB2BAB5CC}.Release|Any CPU.ActiveCfg = Release|Any CPU
		{9CAB4EBA-4A7F-432B-B479-6A0BB2BAB5CC}.Release|Any CPU.Build.0 = Release|Any CPU
		{9CAB4EBA-4A7F-432B-B479-6A0BB2BAB5CC}.Release|x64.ActiveCfg = Release|Any CPU
		{9CAB4EBA-4A7F-432B-B479-6A0BB2BAB5CC}.Release|x64.Build.0 = Release|Any CPU
		{9CAB4EBA-4A7F-432B-B479-6A0BB2BAB5CC}.Release|x86.ActiveCfg = Release|Any CPU
		{9CAB4EBA-4A7F-432B-B479-6A0BB2BAB5CC}.Release|x86.Build.0 = Release|Any CPU
		{269A3890-D1BE-40D8-B9DD-81A629C44252}.Debug|Any CPU.ActiveCfg = Debug|Any CPU
		{269A3890-D1BE-40D8-B9DD-81A629C44252}.Debug|Any CPU.Build.0 = Debug|Any CPU
		{269A3890-D1BE-40D8-B9DD-81A629C44252}.Debug|x64.ActiveCfg = Debug|Any CPU
		{269A3890-D1BE-40D8-B9DD-81A629C44252}.Debug|x64.Build.0 = Debug|Any CPU
		{269A3890-D1BE-40D8-B9DD-81A629C44252}.Debug|x86.ActiveCfg = Debug|Any CPU
		{269A3890-D1BE-40D8-B9DD-81A629C44252}.Debug|x86.Build.0 = Debug|Any CPU
		{269A3890-D1BE-40D8-B9DD-81A629C44252}.Release|Any CPU.ActiveCfg = Release|Any CPU
		{269A3890-D1BE-40D8-B9DD-81A629C44252}.Release|Any CPU.Build.0 = Release|Any CPU
		{269A3890-D1BE-40D8-B9DD-81A629C44252}.Release|x64.ActiveCfg = Release|Any CPU
		{269A3890-D1BE-40D8-B9DD-81A629C44252}.Release|x64.Build.0 = Release|Any CPU
		{269A3890-D1BE-40D8-B9DD-81A629C44252}.Release|x86.ActiveCfg = Release|Any CPU
		{269A3890-D1BE-40D8-B9DD-81A629C44252}.Release|x86.Build.0 = Release|Any CPU
		{8E0C8FE1-2B61-474E-AD22-8F82ED8FCE42}.Debug|Any CPU.ActiveCfg = Debug|Any CPU
		{8E0C8FE1-2B61-474E-AD22-8F82ED8FCE42}.Debug|Any CPU.Build.0 = Debug|Any CPU
		{8E0C8FE1-2B61-474E-AD22-8F82ED8FCE42}.Debug|x64.ActiveCfg = Debug|Any CPU
		{8E0C8FE1-2B61-474E-AD22-8F82ED8FCE42}.Debug|x64.Build.0 = Debug|Any CPU
		{8E0C8FE1-2B61-474E-AD22-8F82ED8FCE42}.Debug|x86.ActiveCfg = Debug|Any CPU
		{8E0C8FE1-2B61-474E-AD22-8F82ED8FCE42}.Debug|x86.Build.0 = Debug|Any CPU
		{8E0C8FE1-2B61-474E-AD22-8F82ED8FCE42}.Release|Any CPU.ActiveCfg = Release|Any CPU
		{8E0C8FE1-2B61-474E-AD22-8F82ED8FCE42}.Release|Any CPU.Build.0 = Release|Any CPU
		{8E0C8FE1-2B61-474E-AD22-8F82ED8FCE42}.Release|x64.ActiveCfg = Release|Any CPU
		{8E0C8FE1-2B61-474E-AD22-8F82ED8FCE42}.Release|x64.Build.0 = Release|Any CPU
		{8E0C8FE1-2B61-474E-AD22-8F82ED8FCE42}.Release|x86.ActiveCfg = Release|Any CPU
		{8E0C8FE1-2B61-474E-AD22-8F82ED8FCE42}.Release|x86.Build.0 = Release|Any CPU
		{C074FC4B-A4AD-4A7F-9B8E-EC9ABCE8F151}.Debug|Any CPU.ActiveCfg = Debug|Any CPU
		{C074FC4B-A4AD-4A7F-9B8E-EC9ABCE8F151}.Debug|Any CPU.Build.0 = Debug|Any CPU
		{C074FC4B-A4AD-4A7F-9B8E-EC9ABCE8F151}.Debug|x64.ActiveCfg = Debug|Any CPU
		{C074FC4B-A4AD-4A7F-9B8E-EC9ABCE8F151}.Debug|x64.Build.0 = Debug|Any CPU
		{C074FC4B-A4AD-4A7F-9B8E-EC9ABCE8F151}.Debug|x86.ActiveCfg = Debug|Any CPU
		{C074FC4B-A4AD-4A7F-9B8E-EC9ABCE8F151}.Debug|x86.Build.0 = Debug|Any CPU
		{C074FC4B-A4AD-4A7F-9B8E-EC9ABCE8F151}.Release|Any CPU.ActiveCfg = Release|Any CPU
		{C074FC4B-A4AD-4A7F-9B8E-EC9ABCE8F151}.Release|Any CPU.Build.0 = Release|Any CPU
		{C074FC4B-A4AD-4A7F-9B8E-EC9ABCE8F151}.Release|x64.ActiveCfg = Release|Any CPU
		{C074FC4B-A4AD-4A7F-9B8E-EC9ABCE8F151}.Release|x64.Build.0 = Release|Any CPU
		{C074FC4B-A4AD-4A7F-9B8E-EC9ABCE8F151}.Release|x86.ActiveCfg = Release|Any CPU
		{C074FC4B-A4AD-4A7F-9B8E-EC9ABCE8F151}.Release|x86.Build.0 = Release|Any CPU
		{C380953C-4687-473D-A288-F07D46A2CB9D}.Debug|Any CPU.ActiveCfg = Debug|Any CPU
		{C380953C-4687-473D-A288-F07D46A2CB9D}.Debug|Any CPU.Build.0 = Debug|Any CPU
		{C380953C-4687-473D-A288-F07D46A2CB9D}.Debug|x64.ActiveCfg = Debug|Any CPU
		{C380953C-4687-473D-A288-F07D46A2CB9D}.Debug|x64.Build.0 = Debug|Any CPU
		{C380953C-4687-473D-A288-F07D46A2CB9D}.Debug|x86.ActiveCfg = Debug|Any CPU
		{C380953C-4687-473D-A288-F07D46A2CB9D}.Debug|x86.Build.0 = Debug|Any CPU
		{C380953C-4687-473D-A288-F07D46A2CB9D}.Release|Any CPU.ActiveCfg = Release|Any CPU
		{C380953C-4687-473D-A288-F07D46A2CB9D}.Release|Any CPU.Build.0 = Release|Any CPU
		{C380953C-4687-473D-A288-F07D46A2CB9D}.Release|x64.ActiveCfg = Release|Any CPU
		{C380953C-4687-473D-A288-F07D46A2CB9D}.Release|x64.Build.0 = Release|Any CPU
		{C380953C-4687-473D-A288-F07D46A2CB9D}.Release|x86.ActiveCfg = Release|Any CPU
		{C380953C-4687-473D-A288-F07D46A2CB9D}.Release|x86.Build.0 = Release|Any CPU
	EndGlobalSection
	GlobalSection(SolutionProperties) = preSolution
		HideSolutionNode = FALSE
	EndGlobalSection
	GlobalSection(NestedProjects) = preSolution
		{8E0C8FE1-2B61-474E-AD22-8F82ED8FCE42} = {7F9AF6EB-788E-4E42-BE57-B8EC26FD8748}
		{C074FC4B-A4AD-4A7F-9B8E-EC9ABCE8F151} = {7F9AF6EB-788E-4E42-BE57-B8EC26FD8748}
		{C380953C-4687-473D-A288-F07D46A2CB9D} = {7F9AF6EB-788E-4E42-BE57-B8EC26FD8748}
	EndGlobalSection
	GlobalSection(ExtensibilityGlobals) = postSolution
		SolutionGuid = {0010EE83-DE54-432C-B5FC-D6E540D8B257}
	EndGlobalSection
EndGlobal
